
Microsoft Visual Studio Solution File, Format Version 12.00
# Visual Studio Version 17
VisualStudioVersion = 17.6.33723.286
MinimumVisualStudioVersion = 10.0.40219.1
Project("{2150E333-8FDC-42A3-9474-1A3956D46DE8}") = "src", "src", "{24EFDC85-A358-4FC2-A58B-5834D1A87D45}"
EndProject
Project("{2150E333-8FDC-42A3-9474-1A3956D46DE8}") = "Versity.Users", "Versity.Users", "{46229046-0AC0-40EC-A523-301190B0A88B}"
EndProject
Project("{2150E333-8FDC-42A3-9474-1A3956D46DE8}") = "Core", "Core", "{522B9139-C29A-42FE-9923-F0120EB4726A}"
EndProject
Project("{FAE04EC0-301F-11D3-BF4B-00C04F79EFBC}") = "Domain", "src\Versity.Users\Core\Domain\Domain.csproj", "{E695F27E-DF1F-41DD-A30F-D56EA9737A79}"
EndProject
Project("{FAE04EC0-301F-11D3-BF4B-00C04F79EFBC}") = "Application", "src\Versity.Users\Core\Application\Application.csproj", "{DD58F6AF-B2DD-43B0-B863-EBD906960466}"
EndProject
Project("{2150E333-8FDC-42A3-9474-1A3956D46DE8}") = "External", "External", "{9EE0339E-0D02-4760-A9C1-A273812E8408}"
EndProject
Project("{FAE04EC0-301F-11D3-BF4B-00C04F79EFBC}") = "Infrastructure", "src\Versity.Users\External\Infrastructure\Infrastructure.csproj", "{C1162673-2A88-41FF-8B35-1207B6A7BF81}"
EndProject
Project("{FAE04EC0-301F-11D3-BF4B-00C04F79EFBC}") = "Presentation", "src\Versity.Users\External\Presentation\Presentation.csproj", "{EA694F38-1BE9-4258-8982-F1D5A856BC6E}"
EndProject
Project("{FAE04EC0-301F-11D3-BF4B-00C04F79EFBC}") = "Versity.ApiGateway", "src\Versity.ApiGateway\Versity.ApiGateway\Versity.ApiGateway.csproj", "{BB164E04-5DC4-4C78-A5D0-E0C8202454EB}"
EndProject
Project("{2150E333-8FDC-42A3-9474-1A3956D46DE8}") = "Versity.ApiGateway", "Versity.ApiGateway", "{43C69E68-4A94-4862-A227-356AD8199ED9}"
EndProject
Project("{2150E333-8FDC-42A3-9474-1A3956D46DE8}") = "Versity.Products", "Versity.Products", "{57A7CE4C-4626-4DF5-95FA-E3E07B8D2C68}"
EndProject
Project("{2150E333-8FDC-42A3-9474-1A3956D46DE8}") = "Core", "Core", "{17D4BE1D-8095-4CD9-838A-24368A8EF748}"
EndProject
Project("{FAE04EC0-301F-11D3-BF4B-00C04F79EFBC}") = "Application", "src\Versity.Products\Core\Application\Application.csproj", "{C1F9F69B-189F-4172-9846-78DE12AEB879}"
EndProject
Project("{FAE04EC0-301F-11D3-BF4B-00C04F79EFBC}") = "Domain", "src\Versity.Products\Core\Domain\Domain.csproj", "{9F4CA992-29EB-449C-AF1E-46905A5B4DBA}"
EndProject
Project("{2150E333-8FDC-42A3-9474-1A3956D46DE8}") = "External", "External", "{DC226396-9A7A-4695-95AC-9EC7A134CB96}"
EndProject
Project("{FAE04EC0-301F-11D3-BF4B-00C04F79EFBC}") = "Infrastructure", "src\Versity.Products\External\Infrastructure\Infrastructure.csproj", "{0CD5C252-8007-449E-AEF0-2D2BDA6524B6}"
EndProject
Project("{FAE04EC0-301F-11D3-BF4B-00C04F79EFBC}") = "Presentation", "src\Versity.Products\External\Presentation\Presentation.csproj", "{49AD3FBC-4B32-4BC5-86C7-C68D52ED3034}"
EndProject
Project("{2150E333-8FDC-42A3-9474-1A3956D46DE8}") = "Versity.Sessions", "Versity.Sessions", "{359C2FEC-9983-492E-8D78-C572521EFE92}"
EndProject
Project("{2150E333-8FDC-42A3-9474-1A3956D46DE8}") = "Core", "Core", "{09FC5487-63C4-48CC-BF55-7CE4B8EBCC50}"
EndProject
Project("{FAE04EC0-301F-11D3-BF4B-00C04F79EFBC}") = "Domain", "src\Versity.Sessions\Core\Domain\Domain.csproj", "{B14370B4-7C9E-42AE-A3DA-518CDE5CB232}"
EndProject
Project("{FAE04EC0-301F-11D3-BF4B-00C04F79EFBC}") = "Application", "src\Versity.Sessions\Core\Application\Application.csproj", "{D75C5F5D-9522-4135-BE93-CCE475ABC59C}"
EndProject
Project("{2150E333-8FDC-42A3-9474-1A3956D46DE8}") = "External", "External", "{8E799CB3-8B4D-4FAC-9F94-09696F3A518A}"
EndProject
Project("{FAE04EC0-301F-11D3-BF4B-00C04F79EFBC}") = "Infrastructure", "src\Versity.Sessions\External\Infrastructure\Infrastructure.csproj", "{8E12005F-A0DE-4C91-BD6C-0DBEF61F6029}"
EndProject
Project("{FAE04EC0-301F-11D3-BF4B-00C04F79EFBC}") = "Presentation", "src\Versity.Sessions\External\Presentation\Presentation.csproj", "{5B21F2EF-BFA0-4EBC-A790-1C1274E7ECD1}"
EndProject
Project("{2150E333-8FDC-42A3-9474-1A3956D46DE8}") = "Tests", "Tests", "{90B431A5-C670-4513-A4BD-C297022536DC}"
EndProject
Project("{FAE04EC0-301F-11D3-BF4B-00C04F79EFBC}") = "Users.Tests", "src\Versity.Users\Tests\Users.Tests\Users.Tests.csproj", "{82233A9F-183A-4C2C-87BE-7FF1C5346BC6}"
EndProject
Project("{2150E333-8FDC-42A3-9474-1A3956D46DE8}") = "Tests", "Tests", "{426CDAD3-EA99-4FB0-AA88-F03EA6A8634B}"
EndProject
Project("{FAE04EC0-301F-11D3-BF4B-00C04F79EFBC}") = "Products.Tests", "src\Versity.Products\Tests\Products.Tests\Products.Tests.csproj", "{AE2E58A0-C674-44A5-B792-CAC63AE5C3C7}"
EndProject
Project("{2150E333-8FDC-42A3-9474-1A3956D46DE8}") = "Tests", "Tests", "{1097DDF6-984C-4094-AA88-23944C72D807}"
EndProject
Project("{FAE04EC0-301F-11D3-BF4B-00C04F79EFBC}") = "Sessions.Tests", "src\Versity.Sessions\Tests\Sessions.Tests\Sessions.Tests.csproj", "{B3AD67C2-2685-45C7-BDC8-4B21141C51F4}"
EndProject
Global
	GlobalSection(SolutionConfigurationPlatforms) = preSolution
		Debug|Any CPU = Debug|Any CPU
		Release|Any CPU = Release|Any CPU
	EndGlobalSection
	GlobalSection(ProjectConfigurationPlatforms) = postSolution
		{E695F27E-DF1F-41DD-A30F-D56EA9737A79}.Debug|Any CPU.ActiveCfg = Debug|Any CPU
		{E695F27E-DF1F-41DD-A30F-D56EA9737A79}.Debug|Any CPU.Build.0 = Debug|Any CPU
		{E695F27E-DF1F-41DD-A30F-D56EA9737A79}.Release|Any CPU.ActiveCfg = Release|Any CPU
		{E695F27E-DF1F-41DD-A30F-D56EA9737A79}.Release|Any CPU.Build.0 = Release|Any CPU
		{DD58F6AF-B2DD-43B0-B863-EBD906960466}.Debug|Any CPU.ActiveCfg = Debug|Any CPU
		{DD58F6AF-B2DD-43B0-B863-EBD906960466}.Debug|Any CPU.Build.0 = Debug|Any CPU
		{DD58F6AF-B2DD-43B0-B863-EBD906960466}.Release|Any CPU.ActiveCfg = Release|Any CPU
		{DD58F6AF-B2DD-43B0-B863-EBD906960466}.Release|Any CPU.Build.0 = Release|Any CPU
		{C1162673-2A88-41FF-8B35-1207B6A7BF81}.Debug|Any CPU.ActiveCfg = Debug|Any CPU
		{C1162673-2A88-41FF-8B35-1207B6A7BF81}.Debug|Any CPU.Build.0 = Debug|Any CPU
		{C1162673-2A88-41FF-8B35-1207B6A7BF81}.Release|Any CPU.ActiveCfg = Release|Any CPU
		{C1162673-2A88-41FF-8B35-1207B6A7BF81}.Release|Any CPU.Build.0 = Release|Any CPU
		{EA694F38-1BE9-4258-8982-F1D5A856BC6E}.Debug|Any CPU.ActiveCfg = Debug|Any CPU
		{EA694F38-1BE9-4258-8982-F1D5A856BC6E}.Debug|Any CPU.Build.0 = Debug|Any CPU
		{EA694F38-1BE9-4258-8982-F1D5A856BC6E}.Release|Any CPU.ActiveCfg = Release|Any CPU
		{EA694F38-1BE9-4258-8982-F1D5A856BC6E}.Release|Any CPU.Build.0 = Release|Any CPU
		{BB164E04-5DC4-4C78-A5D0-E0C8202454EB}.Debug|Any CPU.ActiveCfg = Debug|Any CPU
		{BB164E04-5DC4-4C78-A5D0-E0C8202454EB}.Debug|Any CPU.Build.0 = Debug|Any CPU
		{BB164E04-5DC4-4C78-A5D0-E0C8202454EB}.Release|Any CPU.ActiveCfg = Release|Any CPU
		{BB164E04-5DC4-4C78-A5D0-E0C8202454EB}.Release|Any CPU.Build.0 = Release|Any CPU
		{C1F9F69B-189F-4172-9846-78DE12AEB879}.Debug|Any CPU.ActiveCfg = Debug|Any CPU
		{C1F9F69B-189F-4172-9846-78DE12AEB879}.Debug|Any CPU.Build.0 = Debug|Any CPU
		{C1F9F69B-189F-4172-9846-78DE12AEB879}.Release|Any CPU.ActiveCfg = Release|Any CPU
		{C1F9F69B-189F-4172-9846-78DE12AEB879}.Release|Any CPU.Build.0 = Release|Any CPU
		{9F4CA992-29EB-449C-AF1E-46905A5B4DBA}.Debug|Any CPU.ActiveCfg = Debug|Any CPU
		{9F4CA992-29EB-449C-AF1E-46905A5B4DBA}.Debug|Any CPU.Build.0 = Debug|Any CPU
		{9F4CA992-29EB-449C-AF1E-46905A5B4DBA}.Release|Any CPU.ActiveCfg = Release|Any CPU
		{9F4CA992-29EB-449C-AF1E-46905A5B4DBA}.Release|Any CPU.Build.0 = Release|Any CPU
		{0CD5C252-8007-449E-AEF0-2D2BDA6524B6}.Debug|Any CPU.ActiveCfg = Debug|Any CPU
		{0CD5C252-8007-449E-AEF0-2D2BDA6524B6}.Debug|Any CPU.Build.0 = Debug|Any CPU
		{0CD5C252-8007-449E-AEF0-2D2BDA6524B6}.Release|Any CPU.ActiveCfg = Release|Any CPU
		{0CD5C252-8007-449E-AEF0-2D2BDA6524B6}.Release|Any CPU.Build.0 = Release|Any CPU
		{49AD3FBC-4B32-4BC5-86C7-C68D52ED3034}.Debug|Any CPU.ActiveCfg = Debug|Any CPU
		{49AD3FBC-4B32-4BC5-86C7-C68D52ED3034}.Debug|Any CPU.Build.0 = Debug|Any CPU
		{49AD3FBC-4B32-4BC5-86C7-C68D52ED3034}.Release|Any CPU.ActiveCfg = Release|Any CPU
		{49AD3FBC-4B32-4BC5-86C7-C68D52ED3034}.Release|Any CPU.Build.0 = Release|Any CPU
		{B14370B4-7C9E-42AE-A3DA-518CDE5CB232}.Debug|Any CPU.ActiveCfg = Debug|Any CPU
		{B14370B4-7C9E-42AE-A3DA-518CDE5CB232}.Debug|Any CPU.Build.0 = Debug|Any CPU
		{B14370B4-7C9E-42AE-A3DA-518CDE5CB232}.Release|Any CPU.ActiveCfg = Release|Any CPU
		{B14370B4-7C9E-42AE-A3DA-518CDE5CB232}.Release|Any CPU.Build.0 = Release|Any CPU
		{D75C5F5D-9522-4135-BE93-CCE475ABC59C}.Debug|Any CPU.ActiveCfg = Debug|Any CPU
		{D75C5F5D-9522-4135-BE93-CCE475ABC59C}.Debug|Any CPU.Build.0 = Debug|Any CPU
		{D75C5F5D-9522-4135-BE93-CCE475ABC59C}.Release|Any CPU.ActiveCfg = Release|Any CPU
		{D75C5F5D-9522-4135-BE93-CCE475ABC59C}.Release|Any CPU.Build.0 = Release|Any CPU
		{8E12005F-A0DE-4C91-BD6C-0DBEF61F6029}.Debug|Any CPU.ActiveCfg = Debug|Any CPU
		{8E12005F-A0DE-4C91-BD6C-0DBEF61F6029}.Debug|Any CPU.Build.0 = Debug|Any CPU
		{8E12005F-A0DE-4C91-BD6C-0DBEF61F6029}.Release|Any CPU.ActiveCfg = Release|Any CPU
		{8E12005F-A0DE-4C91-BD6C-0DBEF61F6029}.Release|Any CPU.Build.0 = Release|Any CPU
		{5B21F2EF-BFA0-4EBC-A790-1C1274E7ECD1}.Debug|Any CPU.ActiveCfg = Debug|Any CPU
		{5B21F2EF-BFA0-4EBC-A790-1C1274E7ECD1}.Debug|Any CPU.Build.0 = Debug|Any CPU
		{5B21F2EF-BFA0-4EBC-A790-1C1274E7ECD1}.Release|Any CPU.ActiveCfg = Release|Any CPU
		{5B21F2EF-BFA0-4EBC-A790-1C1274E7ECD1}.Release|Any CPU.Build.0 = Release|Any CPU
		{82233A9F-183A-4C2C-87BE-7FF1C5346BC6}.Debug|Any CPU.ActiveCfg = Debug|Any CPU
		{82233A9F-183A-4C2C-87BE-7FF1C5346BC6}.Debug|Any CPU.Build.0 = Debug|Any CPU
		{82233A9F-183A-4C2C-87BE-7FF1C5346BC6}.Release|Any CPU.ActiveCfg = Release|Any CPU
		{82233A9F-183A-4C2C-87BE-7FF1C5346BC6}.Release|Any CPU.Build.0 = Release|Any CPU
		{AE2E58A0-C674-44A5-B792-CAC63AE5C3C7}.Debug|Any CPU.ActiveCfg = Debug|Any CPU
		{AE2E58A0-C674-44A5-B792-CAC63AE5C3C7}.Debug|Any CPU.Build.0 = Debug|Any CPU
		{AE2E58A0-C674-44A5-B792-CAC63AE5C3C7}.Release|Any CPU.ActiveCfg = Release|Any CPU
		{AE2E58A0-C674-44A5-B792-CAC63AE5C3C7}.Release|Any CPU.Build.0 = Release|Any CPU
		{B3AD67C2-2685-45C7-BDC8-4B21141C51F4}.Debug|Any CPU.ActiveCfg = Debug|Any CPU
		{B3AD67C2-2685-45C7-BDC8-4B21141C51F4}.Debug|Any CPU.Build.0 = Debug|Any CPU
		{B3AD67C2-2685-45C7-BDC8-4B21141C51F4}.Release|Any CPU.ActiveCfg = Release|Any CPU
		{B3AD67C2-2685-45C7-BDC8-4B21141C51F4}.Release|Any CPU.Build.0 = Release|Any CPU
	EndGlobalSection
	GlobalSection(SolutionProperties) = preSolution
		HideSolutionNode = FALSE
	EndGlobalSection
	GlobalSection(NestedProjects) = preSolution
		{46229046-0AC0-40EC-A523-301190B0A88B} = {24EFDC85-A358-4FC2-A58B-5834D1A87D45}
		{522B9139-C29A-42FE-9923-F0120EB4726A} = {46229046-0AC0-40EC-A523-301190B0A88B}
		{E695F27E-DF1F-41DD-A30F-D56EA9737A79} = {522B9139-C29A-42FE-9923-F0120EB4726A}
		{DD58F6AF-B2DD-43B0-B863-EBD906960466} = {522B9139-C29A-42FE-9923-F0120EB4726A}
		{9EE0339E-0D02-4760-A9C1-A273812E8408} = {46229046-0AC0-40EC-A523-301190B0A88B}
		{C1162673-2A88-41FF-8B35-1207B6A7BF81} = {9EE0339E-0D02-4760-A9C1-A273812E8408}
		{EA694F38-1BE9-4258-8982-F1D5A856BC6E} = {9EE0339E-0D02-4760-A9C1-A273812E8408}
		{43C69E68-4A94-4862-A227-356AD8199ED9} = {24EFDC85-A358-4FC2-A58B-5834D1A87D45}
		{BB164E04-5DC4-4C78-A5D0-E0C8202454EB} = {43C69E68-4A94-4862-A227-356AD8199ED9}
		{57A7CE4C-4626-4DF5-95FA-E3E07B8D2C68} = {24EFDC85-A358-4FC2-A58B-5834D1A87D45}
		{17D4BE1D-8095-4CD9-838A-24368A8EF748} = {57A7CE4C-4626-4DF5-95FA-E3E07B8D2C68}
		{C1F9F69B-189F-4172-9846-78DE12AEB879} = {17D4BE1D-8095-4CD9-838A-24368A8EF748}
		{9F4CA992-29EB-449C-AF1E-46905A5B4DBA} = {17D4BE1D-8095-4CD9-838A-24368A8EF748}
		{DC226396-9A7A-4695-95AC-9EC7A134CB96} = {57A7CE4C-4626-4DF5-95FA-E3E07B8D2C68}
		{0CD5C252-8007-449E-AEF0-2D2BDA6524B6} = {DC226396-9A7A-4695-95AC-9EC7A134CB96}
		{49AD3FBC-4B32-4BC5-86C7-C68D52ED3034} = {DC226396-9A7A-4695-95AC-9EC7A134CB96}
		{359C2FEC-9983-492E-8D78-C572521EFE92} = {24EFDC85-A358-4FC2-A58B-5834D1A87D45}
		{09FC5487-63C4-48CC-BF55-7CE4B8EBCC50} = {359C2FEC-9983-492E-8D78-C572521EFE92}
		{B14370B4-7C9E-42AE-A3DA-518CDE5CB232} = {09FC5487-63C4-48CC-BF55-7CE4B8EBCC50}
		{D75C5F5D-9522-4135-BE93-CCE475ABC59C} = {09FC5487-63C4-48CC-BF55-7CE4B8EBCC50}
		{8E799CB3-8B4D-4FAC-9F94-09696F3A518A} = {359C2FEC-9983-492E-8D78-C572521EFE92}
		{8E12005F-A0DE-4C91-BD6C-0DBEF61F6029} = {8E799CB3-8B4D-4FAC-9F94-09696F3A518A}
		{5B21F2EF-BFA0-4EBC-A790-1C1274E7ECD1} = {8E799CB3-8B4D-4FAC-9F94-09696F3A518A}
		{90B431A5-C670-4513-A4BD-C297022536DC} = {46229046-0AC0-40EC-A523-301190B0A88B}
		{82233A9F-183A-4C2C-87BE-7FF1C5346BC6} = {90B431A5-C670-4513-A4BD-C297022536DC}
		{426CDAD3-EA99-4FB0-AA88-F03EA6A8634B} = {57A7CE4C-4626-4DF5-95FA-E3E07B8D2C68}
		{AE2E58A0-C674-44A5-B792-CAC63AE5C3C7} = {426CDAD3-EA99-4FB0-AA88-F03EA6A8634B}
		{1097DDF6-984C-4094-AA88-23944C72D807} = {359C2FEC-9983-492E-8D78-C572521EFE92}
		{B3AD67C2-2685-45C7-BDC8-4B21141C51F4} = {1097DDF6-984C-4094-AA88-23944C72D807}
	EndGlobalSection
	GlobalSection(ExtensibilityGlobals) = postSolution
		SolutionGuid = {FB8E93AD-3799-4C23-8A1E-F5C44F4B9CDD}
	EndGlobalSection
EndGlobal
